
Microsoft Visual Studio Solution File, Format Version 12.00
# Visual Studio Version 17
VisualStudioVersion = 17.7.34202.233
MinimumVisualStudioVersion = 10.0.40219.1
Project("{9A19103F-16F7-4668-BE54-9A1E7A4F7556}") = "ModernRecrut.Favoris.API", "src\Services\ModernRecrut.Favoris.API\ModernRecrut.Favoris.API.csproj", "{2C60B454-4463-4768-92B1-5AC54CCB043F}"
EndProject
Project("{9A19103F-16F7-4668-BE54-9A1E7A4F7556}") = "ModernRecrut.MVC", "src\Web\ModernRecrut.MVC\ModernRecrut.MVC.csproj", "{5958DB5A-0B06-4E4F-99AB-99FB376B7F81}"
EndProject
Project("{9A19103F-16F7-4668-BE54-9A1E7A4F7556}") = "ModernRecrut.Emplois.API", "src\Services\Emplois\ModernRecrut.Emplois.API\ModernRecrut.Emplois.API.csproj", "{EB92C886-B586-4435-83A7-66D752B934C5}"
EndProject
Project("{2150E333-8FDC-42A3-9474-1A3956D46DE8}") = "src", "src", "{33C608DE-0158-4427-B945-D0535D45FEEC}"
EndProject
Project("{2150E333-8FDC-42A3-9474-1A3956D46DE8}") = "Services", "Services", "{92D63219-6A34-47D5-B852-82A8A7084ED0}"
EndProject
Project("{2150E333-8FDC-42A3-9474-1A3956D46DE8}") = "Web", "Web", "{B23DE77F-72EA-4B81-A976-5486550041DE}"
EndProject
Project("{2150E333-8FDC-42A3-9474-1A3956D46DE8}") = "Emplois", "Emplois", "{2A76BB3E-AB7B-438A-B569-32C89B6E50B8}"
EndProject
Project("{2150E333-8FDC-42A3-9474-1A3956D46DE8}") = "Favoris", "Favoris", "{EF10FDB2-F4D2-4DFA-9F52-D892C4446FA6}"
EndProject
Project("{2150E333-8FDC-42A3-9474-1A3956D46DE8}") = "MVC", "MVC", "{E7914CF4-3DBA-449B-8FD5-879CE2367D0C}"
EndProject
Project("{9A19103F-16F7-4668-BE54-9A1E7A4F7556}") = "ModernRecrut.Emplois.Core", "src\Services\Emplois\ModernRecrut.Emplois.Core\ModernRecrut.Emplois.Core.csproj", "{0C6D8455-2777-46E6-9070-5C9A93AC51B6}"
EndProject
Project("{9A19103F-16F7-4668-BE54-9A1E7A4F7556}") = "ModernRecrut.Emplois.Infrastructure", "src\Services\Emplois\ModernRecrut.Emplois.Infrastructure\ModernRecrut.Emplois.Infrastructure.csproj", "{8BD7D172-3A94-4AFC-AB29-D3E85BAC72DB}"
EndProject
Project("{2150E333-8FDC-42A3-9474-1A3956D46DE8}") = "Documents", "Documents", "{B786B6CB-F38C-4561-8D94-79905DC3D7CD}"
EndProject
Project("{9A19103F-16F7-4668-BE54-9A1E7A4F7556}") = "ModernRecrut.Documents.API", "src\Services\Documents\ModernRecrut.Documents.API\ModernRecrut.Documents.API.csproj", "{34C914AE-199A-4F5E-9B0F-C552E10AFC55}"
EndProject
Project("{2150E333-8FDC-42A3-9474-1A3956D46DE8}") = "Postulations", "Postulations", "{D94AFE3C-5106-4A92-84B5-989937695EB1}"
EndProject
Project("{9A19103F-16F7-4668-BE54-9A1E7A4F7556}") = "ModernRecrut.Postulations.API", "src\Services\ModernRecrut.Postulations.API\ModernRecrut.Postulations.API.csproj", "{087D1477-F241-4DA2-A25E-D01156900ADC}"
EndProject
Project("{2150E333-8FDC-42A3-9474-1A3956D46DE8}") = "tests", "tests", "{A6F491AA-91F7-4509-A959-997302D54680}"
EndProject
Project("{2150E333-8FDC-42A3-9474-1A3956D46DE8}") = "ModernRecrut.Postulations.API.UnitTests", "ModernRecrut.Postulations.API.UnitTests", "{18015669-03D1-4FD8-9FCE-FEC7DE7BCA05}"
EndProject
Project("{2150E333-8FDC-42A3-9474-1A3956D46DE8}") = "ModernRecrut.MVC.UnitTests", "ModernRecrut.MVC.UnitTests", "{BECD86E4-CAC0-4DC4-8CE0-EC568ECEED5D}"
EndProject
Project("{9A19103F-16F7-4668-BE54-9A1E7A4F7556}") = "ModernRecrut.Postulations.API.UnitTests", "tests\ModernRecrut.Postulations.API.UnitTests\ModernRecrut.Postulations.API.UnitTests.csproj", "{903A8DBB-0D26-4DD2-A35D-91C4688166EC}"
EndProject
Project("{9A19103F-16F7-4668-BE54-9A1E7A4F7556}") = "ModernRecrut.MVC.UnitTests", "tests\ModernRecrut.MVC.UnitTests\ModernRecrut.MVC.UnitTests.csproj", "{10FFFD92-D45D-46A1-B1B1-F24F08C7BE9C}"
EndProject
Global
	GlobalSection(SolutionConfigurationPlatforms) = preSolution
		Debug|Any CPU = Debug|Any CPU
		Release|Any CPU = Release|Any CPU
	EndGlobalSection
	GlobalSection(ProjectConfigurationPlatforms) = postSolution
		{2C60B454-4463-4768-92B1-5AC54CCB043F}.Debug|Any CPU.ActiveCfg = Debug|Any CPU
		{2C60B454-4463-4768-92B1-5AC54CCB043F}.Debug|Any CPU.Build.0 = Debug|Any CPU
		{2C60B454-4463-4768-92B1-5AC54CCB043F}.Release|Any CPU.ActiveCfg = Release|Any CPU
		{2C60B454-4463-4768-92B1-5AC54CCB043F}.Release|Any CPU.Build.0 = Release|Any CPU
		{5958DB5A-0B06-4E4F-99AB-99FB376B7F81}.Debug|Any CPU.ActiveCfg = Debug|Any CPU
		{5958DB5A-0B06-4E4F-99AB-99FB376B7F81}.Debug|Any CPU.Build.0 = Debug|Any CPU
		{5958DB5A-0B06-4E4F-99AB-99FB376B7F81}.Release|Any CPU.ActiveCfg = Release|Any CPU
		{5958DB5A-0B06-4E4F-99AB-99FB376B7F81}.Release|Any CPU.Build.0 = Release|Any CPU
		{EB92C886-B586-4435-83A7-66D752B934C5}.Debug|Any CPU.ActiveCfg = Debug|Any CPU
		{EB92C886-B586-4435-83A7-66D752B934C5}.Debug|Any CPU.Build.0 = Debug|Any CPU
		{EB92C886-B586-4435-83A7-66D752B934C5}.Release|Any CPU.ActiveCfg = Release|Any CPU
		{EB92C886-B586-4435-83A7-66D752B934C5}.Release|Any CPU.Build.0 = Release|Any CPU
		{0C6D8455-2777-46E6-9070-5C9A93AC51B6}.Debug|Any CPU.ActiveCfg = Debug|Any CPU
		{0C6D8455-2777-46E6-9070-5C9A93AC51B6}.Debug|Any CPU.Build.0 = Debug|Any CPU
		{0C6D8455-2777-46E6-9070-5C9A93AC51B6}.Release|Any CPU.ActiveCfg = Release|Any CPU
		{0C6D8455-2777-46E6-9070-5C9A93AC51B6}.Release|Any CPU.Build.0 = Release|Any CPU
		{8BD7D172-3A94-4AFC-AB29-D3E85BAC72DB}.Debug|Any CPU.ActiveCfg = Debug|Any CPU
		{8BD7D172-3A94-4AFC-AB29-D3E85BAC72DB}.Debug|Any CPU.Build.0 = Debug|Any CPU
		{8BD7D172-3A94-4AFC-AB29-D3E85BAC72DB}.Release|Any CPU.ActiveCfg = Release|Any CPU
		{8BD7D172-3A94-4AFC-AB29-D3E85BAC72DB}.Release|Any CPU.Build.0 = Release|Any CPU
		{34C914AE-199A-4F5E-9B0F-C552E10AFC55}.Debug|Any CPU.ActiveCfg = Debug|Any CPU
		{34C914AE-199A-4F5E-9B0F-C552E10AFC55}.Debug|Any CPU.Build.0 = Debug|Any CPU
		{34C914AE-199A-4F5E-9B0F-C552E10AFC55}.Release|Any CPU.ActiveCfg = Release|Any CPU
		{34C914AE-199A-4F5E-9B0F-C552E10AFC55}.Release|Any CPU.Build.0 = Release|Any CPU
		{087D1477-F241-4DA2-A25E-D01156900ADC}.Debug|Any CPU.ActiveCfg = Debug|Any CPU
		{087D1477-F241-4DA2-A25E-D01156900ADC}.Debug|Any CPU.Build.0 = Debug|Any CPU
		{087D1477-F241-4DA2-A25E-D01156900ADC}.Release|Any CPU.ActiveCfg = Release|Any CPU
		{087D1477-F241-4DA2-A25E-D01156900ADC}.Release|Any CPU.Build.0 = Release|Any CPU
		{903A8DBB-0D26-4DD2-A35D-91C4688166EC}.Debug|Any CPU.ActiveCfg = Debug|Any CPU
		{903A8DBB-0D26-4DD2-A35D-91C4688166EC}.Debug|Any CPU.Build.0 = Debug|Any CPU
		{903A8DBB-0D26-4DD2-A35D-91C4688166EC}.Release|Any CPU.ActiveCfg = Release|Any CPU
		{903A8DBB-0D26-4DD2-A35D-91C4688166EC}.Release|Any CPU.Build.0 = Release|Any CPU
		{10FFFD92-D45D-46A1-B1B1-F24F08C7BE9C}.Debug|Any CPU.ActiveCfg = Debug|Any CPU
		{10FFFD92-D45D-46A1-B1B1-F24F08C7BE9C}.Debug|Any CPU.Build.0 = Debug|Any CPU
		{10FFFD92-D45D-46A1-B1B1-F24F08C7BE9C}.Release|Any CPU.ActiveCfg = Release|Any CPU
		{10FFFD92-D45D-46A1-B1B1-F24F08C7BE9C}.Release|Any CPU.Build.0 = Release|Any CPU
	EndGlobalSection
	GlobalSection(SolutionProperties) = preSolution
		HideSolutionNode = FALSE
	EndGlobalSection
	GlobalSection(NestedProjects) = preSolution
		{2C60B454-4463-4768-92B1-5AC54CCB043F} = {EF10FDB2-F4D2-4DFA-9F52-D892C4446FA6}
		{5958DB5A-0B06-4E4F-99AB-99FB376B7F81} = {E7914CF4-3DBA-449B-8FD5-879CE2367D0C}
		{EB92C886-B586-4435-83A7-66D752B934C5} = {2A76BB3E-AB7B-438A-B569-32C89B6E50B8}
		{92D63219-6A34-47D5-B852-82A8A7084ED0} = {33C608DE-0158-4427-B945-D0535D45FEEC}
		{B23DE77F-72EA-4B81-A976-5486550041DE} = {33C608DE-0158-4427-B945-D0535D45FEEC}
		{2A76BB3E-AB7B-438A-B569-32C89B6E50B8} = {92D63219-6A34-47D5-B852-82A8A7084ED0}
		{EF10FDB2-F4D2-4DFA-9F52-D892C4446FA6} = {92D63219-6A34-47D5-B852-82A8A7084ED0}
		{E7914CF4-3DBA-449B-8FD5-879CE2367D0C} = {B23DE77F-72EA-4B81-A976-5486550041DE}
		{0C6D8455-2777-46E6-9070-5C9A93AC51B6} = {2A76BB3E-AB7B-438A-B569-32C89B6E50B8}
		{8BD7D172-3A94-4AFC-AB29-D3E85BAC72DB} = {2A76BB3E-AB7B-438A-B569-32C89B6E50B8}
		{B786B6CB-F38C-4561-8D94-79905DC3D7CD} = {92D63219-6A34-47D5-B852-82A8A7084ED0}
		{34C914AE-199A-4F5E-9B0F-C552E10AFC55} = {B786B6CB-F38C-4561-8D94-79905DC3D7CD}
		{D94AFE3C-5106-4A92-84B5-989937695EB1} = {92D63219-6A34-47D5-B852-82A8A7084ED0}
		{087D1477-F241-4DA2-A25E-D01156900ADC} = {D94AFE3C-5106-4A92-84B5-989937695EB1}
		{18015669-03D1-4FD8-9FCE-FEC7DE7BCA05} = {A6F491AA-91F7-4509-A959-997302D54680}
		{BECD86E4-CAC0-4DC4-8CE0-EC568ECEED5D} = {A6F491AA-91F7-4509-A959-997302D54680}
		{903A8DBB-0D26-4DD2-A35D-91C4688166EC} = {18015669-03D1-4FD8-9FCE-FEC7DE7BCA05}
		{10FFFD92-D45D-46A1-B1B1-F24F08C7BE9C} = {BECD86E4-CAC0-4DC4-8CE0-EC568ECEED5D}
	EndGlobalSection
	GlobalSection(ExtensibilityGlobals) = postSolution
		SolutionGuid = {94A2FD8F-F041-407A-844D-75446E5D8C4A}
	EndGlobalSection
EndGlobal
